
Microsoft Visual Studio Solution File, Format Version 12.00
# Visual Studio Version 17
VisualStudioVersion = 17.0.31903.59
MinimumVisualStudioVersion = 10.0.40219.1
Project("{2150E333-8FDC-42A3-9474-1A3956D46DE8}") = "src", "src", "{827E0CD3-B72D-47B6-A68D-7590B98EB39B}"
EndProject
Project("{FAE04EC0-301F-11D3-BF4B-00C04F79EFBC}") = "TopLab.Domain", "src\TopLab.Domain\TopLab.Domain.csproj", "{F6967C07-A028-4840-81C5-256965413DF0}"
EndProject
Project("{FAE04EC0-301F-11D3-BF4B-00C04F79EFBC}") = "TopLab.Application", "src\TopLab.Application\TopLab.Application.csproj", "{7AD70CDF-5D14-4902-9192-1C7F39EF496B}"
EndProject
Project("{FAE04EC0-301F-11D3-BF4B-00C04F79EFBC}") = "TopLab.Infrastructure", "src\TopLab.Infrastructure\TopLab.Infrastructure.csproj", "{A1A1C014-021B-47B8-8111-C27DE32B25B4}"
EndProject
Project("{FAE04EC0-301F-11D3-BF4B-00C04F79EFBC}") = "TopLab.Presentation", "src\TopLab.Presentation\TopLab.Presentation.csproj", "{EC0E6CF1-E1A8-43F4-873E-8A972B8C2824}"
EndProject
Project("{FAE04EC0-301F-11D3-BF4B-00C04F79EFBC}") = "TopLab.Domain.Tests", "tests\TopLab.Domain.Tests\TopLab.Domain.Tests.csproj", "{3C3DD2BA-A4B5-44ED-9A98-E7A86337AA37}"
EndProject
Project("{FAE04EC0-301F-11D3-BF4B-00C04F79EFBC}") = "TopLab.Application.Tests", "tests\TopLab.Application.Tests\TopLab.Application.Tests.csproj", "{DB3BA556-5480-43C9-9427-671C7AA9196C}"
EndProject
Project("{FAE04EC0-301F-11D3-BF4B-00C04F79EFBC}") = "TopLab.Infrastructure.Tests", "tests\TopLab.Infrastructure.Tests\TopLab.Infrastructure.Tests.csproj", "{5AC4BA15-ED6A-4F71-B000-D277F6362337}"
EndProject
Global
	GlobalSection(SolutionConfigurationPlatforms) = preSolution
		Debug|Any CPU = Debug|Any CPU
		Debug|x64 = Debug|x64
		Debug|x86 = Debug|x86
		Release|Any CPU = Release|Any CPU
		Release|x64 = Release|x64
		Release|x86 = Release|x86
	EndGlobalSection
	GlobalSection(ProjectConfigurationPlatforms) = postSolution
		{F6967C07-A028-4840-81C5-256965413DF0}.Debug|Any CPU.ActiveCfg = Debug|Any CPU
		{F6967C07-A028-4840-81C5-256965413DF0}.Debug|Any CPU.Build.0 = Debug|Any CPU
		{F6967C07-A028-4840-81C5-256965413DF0}.Debug|x64.ActiveCfg = Debug|Any CPU
		{F6967C07-A028-4840-81C5-256965413DF0}.Debug|x64.Build.0 = Debug|Any CPU
		{F6967C07-A028-4840-81C5-256965413DF0}.Debug|x86.ActiveCfg = Debug|Any CPU
		{F6967C07-A028-4840-81C5-256965413DF0}.Debug|x86.Build.0 = Debug|Any CPU
		{F6967C07-A028-4840-81C5-256965413DF0}.Release|Any CPU.ActiveCfg = Release|Any CPU
		{F6967C07-A028-4840-81C5-256965413DF0}.Release|Any CPU.Build.0 = Release|Any CPU
		{F6967C07-A028-4840-81C5-256965413DF0}.Release|x64.ActiveCfg = Release|Any CPU
		{F6967C07-A028-4840-81C5-256965413DF0}.Release|x64.Build.0 = Release|Any CPU
		{F6967C07-A028-4840-81C5-256965413DF0}.Release|x86.ActiveCfg = Release|Any CPU
		{F6967C07-A028-4840-81C5-256965413DF0}.Release|x86.Build.0 = Release|Any CPU
		{7AD70CDF-5D14-4902-9192-1C7F39EF496B}.Debug|Any CPU.ActiveCfg = Debug|Any CPU
		{7AD70CDF-5D14-4902-9192-1C7F39EF496B}.Debug|Any CPU.Build.0 = Debug|Any CPU
		{7AD70CDF-5D14-4902-9192-1C7F39EF496B}.Debug|x64.ActiveCfg = Debug|Any CPU
		{7AD70CDF-5D14-4902-9192-1C7F39EF496B}.Debug|x64.Build.0 = Debug|Any CPU
		{7AD70CDF-5D14-4902-9192-1C7F39EF496B}.Debug|x86.ActiveCfg = Debug|Any CPU
		{7AD70CDF-5D14-4902-9192-1C7F39EF496B}.Debug|x86.Build.0 = Debug|Any CPU
		{7AD70CDF-5D14-4902-9192-1C7F39EF496B}.Release|Any CPU.ActiveCfg = Release|Any CPU
		{7AD70CDF-5D14-4902-9192-1C7F39EF496B}.Release|Any CPU.Build.0 = Release|Any CPU
		{7AD70CDF-5D14-4902-9192-1C7F39EF496B}.Release|x64.ActiveCfg = Release|Any CPU
		{7AD70CDF-5D14-4902-9192-1C7F39EF496B}.Release|x64.Build.0 = Release|Any CPU
		{7AD70CDF-5D14-4902-9192-1C7F39EF496B}.Release|x86.ActiveCfg = Release|Any CPU
		{7AD70CDF-5D14-4902-9192-1C7F39EF496B}.Release|x86.Build.0 = Release|Any CPU
		{A1A1C014-021B-47B8-8111-C27DE32B25B4}.Debug|Any CPU.ActiveCfg = Debug|Any CPU
		{A1A1C014-021B-47B8-8111-C27DE32B25B4}.Debug|Any CPU.Build.0 = Debug|Any CPU
		{A1A1C014-021B-47B8-8111-C27DE32B25B4}.Debug|x64.ActiveCfg = Debug|Any CPU
		{A1A1C014-021B-47B8-8111-C27DE32B25B4}.Debug|x64.Build.0 = Debug|Any CPU
		{A1A1C014-021B-47B8-8111-C27DE32B25B4}.Debug|x86.ActiveCfg = Debug|Any CPU
		{A1A1C014-021B-47B8-8111-C27DE32B25B4}.Debug|x86.Build.0 = Debug|Any CPU
		{A1A1C014-021B-47B8-8111-C27DE32B25B4}.Release|Any CPU.ActiveCfg = Release|Any CPU
		{A1A1C014-021B-47B8-8111-C27DE32B25B4}.Release|Any CPU.Build.0 = Release|Any CPU
		{A1A1C014-021B-47B8-8111-C27DE32B25B4}.Release|x64.ActiveCfg = Release|Any CPU
		{A1A1C014-021B-47B8-8111-C27DE32B25B4}.Release|x64.Build.0 = Release|Any CPU
		{A1A1C014-021B-47B8-8111-C27DE32B25B4}.Release|x86.ActiveCfg = Release|Any CPU
		{A1A1C014-021B-47B8-8111-C27DE32B25B4}.Release|x86.Build.0 = Release|Any CPU
		{EC0E6CF1-E1A8-43F4-873E-8A972B8C2824}.Debug|Any CPU.ActiveCfg = Debug|Any CPU
		{EC0E6CF1-E1A8-43F4-873E-8A972B8C2824}.Debug|Any CPU.Build.0 = Debug|Any CPU
		{EC0E6CF1-E1A8-43F4-873E-8A972B8C2824}.Debug|x64.ActiveCfg = Debug|Any CPU
		{EC0E6CF1-E1A8-43F4-873E-8A972B8C2824}.Debug|x64.Build.0 = Debug|Any CPU
		{EC0E6CF1-E1A8-43F4-873E-8A972B8C2824}.Debug|x86.ActiveCfg = Debug|Any CPU
		{EC0E6CF1-E1A8-43F4-873E-8A972B8C2824}.Debug|x86.Build.0 = Debug|Any CPU
		{EC0E6CF1-E1A8-43F4-873E-8A972B8C2824}.Release|Any CPU.ActiveCfg = Release|Any CPU
		{EC0E6CF1-E1A8-43F4-873E-8A972B8C2824}.Release|Any CPU.Build.0 = Release|Any CPU
		{EC0E6CF1-E1A8-43F4-873E-8A972B8C2824}.Release|x64.ActiveCfg = Release|Any CPU
		{EC0E6CF1-E1A8-43F4-873E-8A972B8C2824}.Release|x64.Build.0 = Release|Any CPU
		{EC0E6CF1-E1A8-43F4-873E-8A972B8C2824}.Release|x86.ActiveCfg = Release|Any CPU
		{EC0E6CF1-E1A8-43F4-873E-8A972B8C2824}.Release|x86.Build.0 = Release|Any CPU
		{3C3DD2BA-A4B5-44ED-9A98-E7A86337AA37}.Debug|Any CPU.ActiveCfg = Debug|Any CPU
		{3C3DD2BA-A4B5-44ED-9A98-E7A86337AA37}.Debug|Any CPU.Build.0 = Debug|Any CPU
		{3C3DD2BA-A4B5-44ED-9A98-E7A86337AA37}.Debug|x64.ActiveCfg = Debug|Any CPU
		{3C3DD2BA-A4B5-44ED-9A98-E7A86337AA37}.Debug|x64.Build.0 = Debug|Any CPU
		{3C3DD2BA-A4B5-44ED-9A98-E7A86337AA37}.Debug|x86.ActiveCfg = Debug|Any CPU
		{3C3DD2BA-A4B5-44ED-9A98-E7A86337AA37}.Debug|x86.Build.0 = Debug|Any CPU
		{3C3DD2BA-A4B5-44ED-9A98-E7A86337AA37}.Release|Any CPU.ActiveCfg = Release|Any CPU
		{3C3DD2BA-A4B5-44ED-9A98-E7A86337AA37}.Release|Any CPU.Build.0 = Release|Any CPU
		{3C3DD2BA-A4B5-44ED-9A98-E7A86337AA37}.Release|x64.ActiveCfg = Release|Any CPU
		{3C3DD2BA-A4B5-44ED-9A98-E7A86337AA37}.Release|x64.Build.0 = Release|Any CPU
		{3C3DD2BA-A4B5-44ED-9A98-E7A86337AA37}.Release|x86.ActiveCfg = Release|Any CPU
		{3C3DD2BA-A4B5-44ED-9A98-E7A86337AA37}.Release|x86.Build.0 = Release|Any CPU
		{DB3BA556-5480-43C9-9427-671C7AA9196C}.Debug|Any CPU.ActiveCfg = Debug|Any CPU
		{DB3BA556-5480-43C9-9427-671C7AA9196C}.Debug|Any CPU.Build.0 = Debug|Any CPU
		{DB3BA556-5480-43C9-9427-671C7AA9196C}.Debug|x64.ActiveCfg = Debug|Any CPU
		{DB3BA556-5480-43C9-9427-671C7AA9196C}.Debug|x64.Build.0 = Debug|Any CPU
		{DB3BA556-5480-43C9-9427-671C7AA9196C}.Debug|x86.ActiveCfg = Debug|Any CPU
		{DB3BA556-5480-43C9-9427-671C7AA9196C}.Debug|x86.Build.0 = Debug|Any CPU
		{DB3BA556-5480-43C9-9427-671C7AA9196C}.Release|Any CPU.ActiveCfg = Release|Any CPU
		{DB3BA556-5480-43C9-9427-671C7AA9196C}.Release|Any CPU.Build.0 = Release|Any CPU
		{DB3BA556-5480-43C9-9427-671C7AA9196C}.Release|x64.ActiveCfg = Release|Any CPU
		{DB3BA556-5480-43C9-9427-671C7AA9196C}.Release|x64.Build.0 = Release|Any CPU
		{DB3BA556-5480-43C9-9427-671C7AA9196C}.Release|x86.ActiveCfg = Release|Any CPU
		{DB3BA556-5480-43C9-9427-671C7AA9196C}.Release|x86.Build.0 = Release|Any CPU
		{5AC4BA15-ED6A-4F71-B000-D277F6362337}.Debug|Any CPU.ActiveCfg = Debug|Any CPU
		{5AC4BA15-ED6A-4F71-B000-D277F6362337}.Debug|Any CPU.Build.0 = Debug|Any CPU
		{5AC4BA15-ED6A-4F71-B000-D277F6362337}.Debug|x64.ActiveCfg = Debug|Any CPU
		{5AC4BA15-ED6A-4F71-B000-D277F6362337}.Debug|x64.Build.0 = Debug|Any CPU
		{5AC4BA15-ED6A-4F71-B000-D277F6362337}.Debug|x86.ActiveCfg = Debug|Any CPU
		{5AC4BA15-ED6A-4F71-B000-D277F6362337}.Debug|x86.Build.0 = Debug|Any CPU
		{5AC4BA15-ED6A-4F71-B000-D277F6362337}.Release|Any CPU.ActiveCfg = Release|Any CPU
		{5AC4BA15-ED6A-4F71-B000-D277F6362337}.Release|Any CPU.Build.0 = Release|Any CPU
		{5AC4BA15-ED6A-4F71-B000-D277F6362337}.Release|x64.ActiveCfg = Release|Any CPU
		{5AC4BA15-ED6A-4F71-B000-D277F6362337}.Release|x64.Build.0 = Release|Any CPU
		{5AC4BA15-ED6A-4F71-B000-D277F6362337}.Release|x86.ActiveCfg = Release|Any CPU
		{5AC4BA15-ED6A-4F71-B000-D277F6362337}.Release|x86.Build.0 = Release|Any CPU
	EndGlobalSection
	GlobalSection(SolutionProperties) = preSolution
		HideSolutionNode = FALSE
	EndGlobalSection
	GlobalSection(NestedProjects) = preSolution
		{F6967C07-A028-4840-81C5-256965413DF0} = {827E0CD3-B72D-47B6-A68D-7590B98EB39B}
		{7AD70CDF-5D14-4902-9192-1C7F39EF496B} = {827E0CD3-B72D-47B6-A68D-7590B98EB39B}
		{A1A1C014-021B-47B8-8111-C27DE32B25B4} = {827E0CD3-B72D-47B6-A68D-7590B98EB39B}
		{EC0E6CF1-E1A8-43F4-873E-8A972B8C2824} = {827E0CD3-B72D-47B6-A68D-7590B98EB39B}
		{3C3DD2BA-A4B5-44ED-9A98-E7A86337AA37} = {827E0CD3-B72D-47B6-A68D-7590B98EB39B}
		{DB3BA556-5480-43C9-9427-671C7AA9196C} = {827E0CD3-B72D-47B6-A68D-7590B98EB39B}
		{5AC4BA15-ED6A-4F71-B000-D277F6362337} = {827E0CD3-B72D-47B6-A68D-7590B98EB39B}
	EndGlobalSection
EndGlobal
